// !$*UTF8*$!
{
	archiveVersion = 1;
	classes = {
	};
	objectVersion = 48;
	objects = {

/* Begin PBXBuildFile section */
		5523F2572093962300ED10A5 /* GameTableViewController.swift in Sources */ = {isa = PBXBuildFile; fileRef = 5523F2562093962300ED10A5 /* GameTableViewController.swift */; };
		553BF2B720A219BD00BAB6FB /* Tap1ViewController.swift in Sources */ = {isa = PBXBuildFile; fileRef = 553BF2B620A219BD00BAB6FB /* Tap1ViewController.swift */; };
		553BF2B920A219CE00BAB6FB /* Tap2ViewController.swift in Sources */ = {isa = PBXBuildFile; fileRef = 553BF2B820A219CE00BAB6FB /* Tap2ViewController.swift */; };
		553BF2BB20A234A200BAB6FB /* FirstViewController.swift in Sources */ = {isa = PBXBuildFile; fileRef = 553BF2BA20A234A200BAB6FB /* FirstViewController.swift */; };
		553BF2BD20A264DD00BAB6FB /* MyCollectionViewController.swift in Sources */ = {isa = PBXBuildFile; fileRef = 553BF2BC20A264DD00BAB6FB /* MyCollectionViewController.swift */; };
		553BF2BF20A2653A00BAB6FB /* MyCollectionViewCell.swift in Sources */ = {isa = PBXBuildFile; fileRef = 553BF2BE20A2653A00BAB6FB /* MyCollectionViewCell.swift */; };
		554BF2C220A3BB1100E56AD2 /* Gesture.storyboard in Resources */ = {isa = PBXBuildFile; fileRef = 554BF2C020A3BB1100E56AD2 /* Gesture.storyboard */; };
		5591053B2085513500F82E5D /* AppDelegate.swift in Sources */ = {isa = PBXBuildFile; fileRef = 5591053A2085513500F82E5D /* AppDelegate.swift */; };
		5591053D2085513500F82E5D /* ViewController.swift in Sources */ = {isa = PBXBuildFile; fileRef = 5591053C2085513500F82E5D /* ViewController.swift */; };
		559105402085513500F82E5D /* Main.storyboard in Resources */ = {isa = PBXBuildFile; fileRef = 5591053E2085513500F82E5D /* Main.storyboard */; };
		559105422085513500F82E5D /* Assets.xcassets in Resources */ = {isa = PBXBuildFile; fileRef = 559105412085513500F82E5D /* Assets.xcassets */; };
		559105452085513500F82E5D /* LaunchScreen.storyboard in Resources */ = {isa = PBXBuildFile; fileRef = 559105432085513500F82E5D /* LaunchScreen.storyboard */; };
		559105502085513500F82E5D /* SampleAppTests.swift in Sources */ = {isa = PBXBuildFile; fileRef = 5591054F2085513500F82E5D /* SampleAppTests.swift */; };
		5591055B2085513500F82E5D /* SampleAppUITests.swift in Sources */ = {isa = PBXBuildFile; fileRef = 5591055A2085513500F82E5D /* SampleAppUITests.swift */; };
		5595041E20927137007C2473 /* Player.swift in Sources */ = {isa = PBXBuildFile; fileRef = 5595041D20927137007C2473 /* Player.swift */; };
		559504202092723D007C2473 /* PlayersTableViewController.swift in Sources */ = {isa = PBXBuildFile; fileRef = 5595041F2092723D007C2473 /* PlayersTableViewController.swift */; };
		5595042220927796007C2473 /* PlayerTableViewCell.swift in Sources */ = {isa = PBXBuildFile; fileRef = 5595042120927796007C2473 /* PlayerTableViewCell.swift */; };
		5595042420928443007C2473 /* PlayerDetailsTableViewController.swift in Sources */ = {isa = PBXBuildFile; fileRef = 5595042320928443007C2473 /* PlayerDetailsTableViewController.swift */; };
		559D64E220A0C7790021CD10 /* ContainerViewController.swift in Sources */ = {isa = PBXBuildFile; fileRef = 559D64E120A0C7790021CD10 /* ContainerViewController.swift */; };
		559D64E420A0DC430021CD10 /* SearchableTableViewController.swift in Sources */ = {isa = PBXBuildFile; fileRef = 559D64E320A0DC430021CD10 /* SearchableTableViewController.swift */; };
		55B567D520BC74510069D098 /* Container.storyboard in Resources */ = {isa = PBXBuildFile; fileRef = 55B567D420BC74510069D098 /* Container.storyboard */; };
/* End PBXBuildFile section */

/* Begin PBXContainerItemProxy section */
		5591054C2085513500F82E5D /* PBXContainerItemProxy */ = {
			isa = PBXContainerItemProxy;
			containerPortal = 5591052F2085513400F82E5D /* Project object */;
			proxyType = 1;
			remoteGlobalIDString = 559105362085513400F82E5D;
			remoteInfo = SampleApp;
		};
		559105572085513500F82E5D /* PBXContainerItemProxy */ = {
			isa = PBXContainerItemProxy;
			containerPortal = 5591052F2085513400F82E5D /* Project object */;
			proxyType = 1;
			remoteGlobalIDString = 559105362085513400F82E5D;
			remoteInfo = SampleApp;
		};
/* End PBXContainerItemProxy section */

/* Begin PBXFileReference section */
		5523F2562093962300ED10A5 /* GameTableViewController.swift */ = {isa = PBXFileReference; lastKnownFileType = sourcecode.swift; path = GameTableViewController.swift; sourceTree = "<group>"; };
		553BF2B620A219BD00BAB6FB /* Tap1ViewController.swift */ = {isa = PBXFileReference; lastKnownFileType = sourcecode.swift; path = Tap1ViewController.swift; sourceTree = "<group>"; };
		553BF2B820A219CE00BAB6FB /* Tap2ViewController.swift */ = {isa = PBXFileReference; lastKnownFileType = sourcecode.swift; path = Tap2ViewController.swift; sourceTree = "<group>"; };
		553BF2BA20A234A200BAB6FB /* FirstViewController.swift */ = {isa = PBXFileReference; lastKnownFileType = sourcecode.swift; path = FirstViewController.swift; sourceTree = "<group>"; };
		553BF2BC20A264DD00BAB6FB /* MyCollectionViewController.swift */ = {isa = PBXFileReference; lastKnownFileType = sourcecode.swift; path = MyCollectionViewController.swift; sourceTree = "<group>"; };
		553BF2BE20A2653A00BAB6FB /* MyCollectionViewCell.swift */ = {isa = PBXFileReference; lastKnownFileType = sourcecode.swift; path = MyCollectionViewCell.swift; sourceTree = "<group>"; };
		554BF2C120A3BB1100E56AD2 /* Base */ = {isa = PBXFileReference; lastKnownFileType = file.storyboard; name = Base; path = SampleApp/Base.lproj/Gesture.storyboard; sourceTree = "<group>"; };
		559105372085513400F82E5D /* SampleApp.app */ = {isa = PBXFileReference; explicitFileType = wrapper.application; includeInIndex = 0; path = SampleApp.app; sourceTree = BUILT_PRODUCTS_DIR; };
		5591053A2085513500F82E5D /* AppDelegate.swift */ = {isa = PBXFileReference; lastKnownFileType = sourcecode.swift; path = AppDelegate.swift; sourceTree = "<group>"; };
		5591053C2085513500F82E5D /* ViewController.swift */ = {isa = PBXFileReference; lastKnownFileType = sourcecode.swift; path = ViewController.swift; sourceTree = "<group>"; };
		5591053F2085513500F82E5D /* Base */ = {isa = PBXFileReference; lastKnownFileType = file.storyboard; name = Base; path = Base.lproj/Main.storyboard; sourceTree = "<group>"; };
		559105412085513500F82E5D /* Assets.xcassets */ = {isa = PBXFileReference; lastKnownFileType = folder.assetcatalog; path = Assets.xcassets; sourceTree = "<group>"; };
		559105442085513500F82E5D /* Base */ = {isa = PBXFileReference; lastKnownFileType = file.storyboard; name = Base; path = Base.lproj/LaunchScreen.storyboard; sourceTree = "<group>"; };
		559105462085513500F82E5D /* Info.plist */ = {isa = PBXFileReference; lastKnownFileType = text.plist.xml; path = Info.plist; sourceTree = "<group>"; };
		5591054B2085513500F82E5D /* SampleAppTests.xctest */ = {isa = PBXFileReference; explicitFileType = wrapper.cfbundle; includeInIndex = 0; path = SampleAppTests.xctest; sourceTree = BUILT_PRODUCTS_DIR; };
		5591054F2085513500F82E5D /* SampleAppTests.swift */ = {isa = PBXFileReference; lastKnownFileType = sourcecode.swift; path = SampleAppTests.swift; sourceTree = "<group>"; };
		559105512085513500F82E5D /* Info.plist */ = {isa = PBXFileReference; lastKnownFileType = text.plist.xml; path = Info.plist; sourceTree = "<group>"; };
		559105562085513500F82E5D /* SampleAppUITests.xctest */ = {isa = PBXFileReference; explicitFileType = wrapper.cfbundle; includeInIndex = 0; path = SampleAppUITests.xctest; sourceTree = BUILT_PRODUCTS_DIR; };
		5591055A2085513500F82E5D /* SampleAppUITests.swift */ = {isa = PBXFileReference; lastKnownFileType = sourcecode.swift; path = SampleAppUITests.swift; sourceTree = "<group>"; };
		5591055C2085513500F82E5D /* Info.plist */ = {isa = PBXFileReference; lastKnownFileType = text.plist.xml; path = Info.plist; sourceTree = "<group>"; };
		5595041D20927137007C2473 /* Player.swift */ = {isa = PBXFileReference; lastKnownFileType = sourcecode.swift; path = Player.swift; sourceTree = "<group>"; };
		5595041F2092723D007C2473 /* PlayersTableViewController.swift */ = {isa = PBXFileReference; lastKnownFileType = sourcecode.swift; path = PlayersTableViewController.swift; sourceTree = "<group>"; };
		5595042120927796007C2473 /* PlayerTableViewCell.swift */ = {isa = PBXFileReference; lastKnownFileType = sourcecode.swift; path = PlayerTableViewCell.swift; sourceTree = "<group>"; };
		5595042320928443007C2473 /* PlayerDetailsTableViewController.swift */ = {isa = PBXFileReference; lastKnownFileType = sourcecode.swift; path = PlayerDetailsTableViewController.swift; sourceTree = "<group>"; };
		559D64E120A0C7790021CD10 /* ContainerViewController.swift */ = {isa = PBXFileReference; lastKnownFileType = sourcecode.swift; path = ContainerViewController.swift; sourceTree = "<group>"; };
		559D64E320A0DC430021CD10 /* SearchableTableViewController.swift */ = {isa = PBXFileReference; lastKnownFileType = sourcecode.swift; path = SearchableTableViewController.swift; sourceTree = "<group>"; };
		55B567D420BC74510069D098 /* Container.storyboard */ = {isa = PBXFileReference; fileEncoding = 4; lastKnownFileType = file.storyboard; name = Container.storyboard; path = SampleApp/Container.storyboard; sourceTree = "<group>"; };
/* End PBXFileReference section */

/* Begin PBXFrameworksBuildPhase section */
		559105342085513400F82E5D /* Frameworks */ = {
			isa = PBXFrameworksBuildPhase;
			buildActionMask = 2147483647;
			files = (
			);
			runOnlyForDeploymentPostprocessing = 0;
		};
		559105482085513500F82E5D /* Frameworks */ = {
			isa = PBXFrameworksBuildPhase;
			buildActionMask = 2147483647;
			files = (
			);
			runOnlyForDeploymentPostprocessing = 0;
		};
		559105532085513500F82E5D /* Frameworks */ = {
			isa = PBXFrameworksBuildPhase;
			buildActionMask = 2147483647;
			files = (
			);
			runOnlyForDeploymentPostprocessing = 0;
		};
/* End PBXFrameworksBuildPhase section */

/* Begin PBXGroup section */
		5591052E2085513400F82E5D = {
			isa = PBXGroup;
			children = (
				55B567D420BC74510069D098 /* Container.storyboard */,
				554BF2C020A3BB1100E56AD2 /* Gesture.storyboard */,
				559105392085513500F82E5D /* SampleApp */,
				5591054E2085513500F82E5D /* SampleAppTests */,
				559105592085513500F82E5D /* SampleAppUITests */,
				559105382085513500F82E5D /* Products */,
				55DE4087209D1914003D3FED /* Frameworks */,
			);
			sourceTree = "<group>";
		};
		559105382085513500F82E5D /* Products */ = {
			isa = PBXGroup;
			children = (
				559105372085513400F82E5D /* SampleApp.app */,
				5591054B2085513500F82E5D /* SampleAppTests.xctest */,
				559105562085513500F82E5D /* SampleAppUITests.xctest */,
			);
			name = Products;
			sourceTree = "<group>";
		};
		559105392085513500F82E5D /* SampleApp */ = {
			isa = PBXGroup;
			children = (
				5591053A2085513500F82E5D /* AppDelegate.swift */,
				5591053C2085513500F82E5D /* ViewController.swift */,
				5591053E2085513500F82E5D /* Main.storyboard */,
				559105412085513500F82E5D /* Assets.xcassets */,
				559105432085513500F82E5D /* LaunchScreen.storyboard */,
				559105462085513500F82E5D /* Info.plist */,
				5595041D20927137007C2473 /* Player.swift */,
				5595041F2092723D007C2473 /* PlayersTableViewController.swift */,
				5595042120927796007C2473 /* PlayerTableViewCell.swift */,
				5595042320928443007C2473 /* PlayerDetailsTableViewController.swift */,
				5523F2562093962300ED10A5 /* GameTableViewController.swift */,
				559D64E120A0C7790021CD10 /* ContainerViewController.swift */,
				559D64E320A0DC430021CD10 /* SearchableTableViewController.swift */,
				553BF2B620A219BD00BAB6FB /* Tap1ViewController.swift */,
				553BF2B820A219CE00BAB6FB /* Tap2ViewController.swift */,
				553BF2BA20A234A200BAB6FB /* FirstViewController.swift */,
				553BF2BC20A264DD00BAB6FB /* MyCollectionViewController.swift */,
				553BF2BE20A2653A00BAB6FB /* MyCollectionViewCell.swift */,
			);
			path = SampleApp;
			sourceTree = "<group>";
		};
		5591054E2085513500F82E5D /* SampleAppTests */ = {
			isa = PBXGroup;
			children = (
				5591054F2085513500F82E5D /* SampleAppTests.swift */,
				559105512085513500F82E5D /* Info.plist */,
			);
			path = SampleAppTests;
			sourceTree = "<group>";
		};
		559105592085513500F82E5D /* SampleAppUITests */ = {
			isa = PBXGroup;
			children = (
				5591055A2085513500F82E5D /* SampleAppUITests.swift */,
				5591055C2085513500F82E5D /* Info.plist */,
			);
			path = SampleAppUITests;
			sourceTree = "<group>";
		};
		55DE4087209D1914003D3FED /* Frameworks */ = {
			isa = PBXGroup;
			children = (
			);
			name = Frameworks;
			sourceTree = "<group>";
		};
/* End PBXGroup section */

/* Begin PBXNativeTarget section */
		559105362085513400F82E5D /* SampleApp */ = {
			isa = PBXNativeTarget;
			buildConfigurationList = 5591055F2085513500F82E5D /* Build configuration list for PBXNativeTarget "SampleApp" */;
			buildPhases = (
				559105332085513400F82E5D /* Sources */,
				559105342085513400F82E5D /* Frameworks */,
				559105352085513400F82E5D /* Resources */,
			);
			buildRules = (
			);
			dependencies = (
			);
			name = SampleApp;
			productName = SampleApp;
			productReference = 559105372085513400F82E5D /* SampleApp.app */;
			productType = "com.apple.product-type.application";
		};
		5591054A2085513500F82E5D /* SampleAppTests */ = {
			isa = PBXNativeTarget;
			buildConfigurationList = 559105622085513500F82E5D /* Build configuration list for PBXNativeTarget "SampleAppTests" */;
			buildPhases = (
				559105472085513500F82E5D /* Sources */,
				559105482085513500F82E5D /* Frameworks */,
				559105492085513500F82E5D /* Resources */,
			);
			buildRules = (
			);
			dependencies = (
				5591054D2085513500F82E5D /* PBXTargetDependency */,
			);
			name = SampleAppTests;
			productName = SampleAppTests;
			productReference = 5591054B2085513500F82E5D /* SampleAppTests.xctest */;
			productType = "com.apple.product-type.bundle.unit-test";
		};
		559105552085513500F82E5D /* SampleAppUITests */ = {
			isa = PBXNativeTarget;
			buildConfigurationList = 559105652085513500F82E5D /* Build configuration list for PBXNativeTarget "SampleAppUITests" */;
			buildPhases = (
				559105522085513500F82E5D /* Sources */,
				559105532085513500F82E5D /* Frameworks */,
				559105542085513500F82E5D /* Resources */,
			);
			buildRules = (
			);
			dependencies = (
				559105582085513500F82E5D /* PBXTargetDependency */,
			);
			name = SampleAppUITests;
			productName = SampleAppUITests;
			productReference = 559105562085513500F82E5D /* SampleAppUITests.xctest */;
			productType = "com.apple.product-type.bundle.ui-testing";
		};
/* End PBXNativeTarget section */

/* Begin PBXProject section */
		5591052F2085513400F82E5D /* Project object */ = {
			isa = PBXProject;
			attributes = {
				LastSwiftUpdateCheck = 0920;
				LastUpgradeCheck = 0920;
				ORGANIZATIONNAME = "Tuan Phan";
				TargetAttributes = {
					559105362085513400F82E5D = {
						CreatedOnToolsVersion = 9.2;
						ProvisioningStyle = Automatic;
						SystemCapabilities = {
							com.apple.GameCenter = {
								enabled = 0;
							};
						};
					};
					5591054A2085513500F82E5D = {
						CreatedOnToolsVersion = 9.2;
						ProvisioningStyle = Automatic;
						TestTargetID = 559105362085513400F82E5D;
					};
					559105552085513500F82E5D = {
						CreatedOnToolsVersion = 9.2;
						ProvisioningStyle = Automatic;
						TestTargetID = 559105362085513400F82E5D;
					};
				};
			};
			buildConfigurationList = 559105322085513400F82E5D /* Build configuration list for PBXProject "SampleApp" */;
			compatibilityVersion = "Xcode 8.0";
			developmentRegion = en;
			hasScannedForEncodings = 0;
			knownRegions = (
				en,
				Base,
			);
			mainGroup = 5591052E2085513400F82E5D;
			productRefGroup = 559105382085513500F82E5D /* Products */;
			projectDirPath = "";
			projectRoot = "";
			targets = (
				559105362085513400F82E5D /* SampleApp */,
				5591054A2085513500F82E5D /* SampleAppTests */,
				559105552085513500F82E5D /* SampleAppUITests */,
			);
		};
/* End PBXProject section */

/* Begin PBXResourcesBuildPhase section */
		559105352085513400F82E5D /* Resources */ = {
			isa = PBXResourcesBuildPhase;
			buildActionMask = 2147483647;
			files = (
				554BF2C220A3BB1100E56AD2 /* Gesture.storyboard in Resources */,
				559105452085513500F82E5D /* LaunchScreen.storyboard in Resources */,
				559105422085513500F82E5D /* Assets.xcassets in Resources */,
				559105402085513500F82E5D /* Main.storyboard in Resources */,
				55B567D520BC74510069D098 /* Container.storyboard in Resources */,
			);
			runOnlyForDeploymentPostprocessing = 0;
		};
		559105492085513500F82E5D /* Resources */ = {
			isa = PBXResourcesBuildPhase;
			buildActionMask = 2147483647;
			files = (
			);
			runOnlyForDeploymentPostprocessing = 0;
		};
		559105542085513500F82E5D /* Resources */ = {
			isa = PBXResourcesBuildPhase;
			buildActionMask = 2147483647;
			files = (
			);
			runOnlyForDeploymentPostprocessing = 0;
		};
/* End PBXResourcesBuildPhase section */

/* Begin PBXSourcesBuildPhase section */
		559105332085513400F82E5D /* Sources */ = {
			isa = PBXSourcesBuildPhase;
			buildActionMask = 2147483647;
			files = (
				559D64E420A0DC430021CD10 /* SearchableTableViewController.swift in Sources */,
				559504202092723D007C2473 /* PlayersTableViewController.swift in Sources */,
				5591053D2085513500F82E5D /* ViewController.swift in Sources */,
				553BF2BB20A234A200BAB6FB /* FirstViewController.swift in Sources */,
				559D64E220A0C7790021CD10 /* ContainerViewController.swift in Sources */,
				553BF2B720A219BD00BAB6FB /* Tap1ViewController.swift in Sources */,
				5595042220927796007C2473 /* PlayerTableViewCell.swift in Sources */,
				5595042420928443007C2473 /* PlayerDetailsTableViewController.swift in Sources */,
				553BF2BF20A2653A00BAB6FB /* MyCollectionViewCell.swift in Sources */,
				5595041E20927137007C2473 /* Player.swift in Sources */,
				553BF2B920A219CE00BAB6FB /* Tap2ViewController.swift in Sources */,
				553BF2BD20A264DD00BAB6FB /* MyCollectionViewController.swift in Sources */,
				5591053B2085513500F82E5D /* AppDelegate.swift in Sources */,
				5523F2572093962300ED10A5 /* GameTableViewController.swift in Sources */,
			);
			runOnlyForDeploymentPostprocessing = 0;
		};
		559105472085513500F82E5D /* Sources */ = {
			isa = PBXSourcesBuildPhase;
			buildActionMask = 2147483647;
			files = (
				559105502085513500F82E5D /* SampleAppTests.swift in Sources */,
			);
			runOnlyForDeploymentPostprocessing = 0;
		};
		559105522085513500F82E5D /* Sources */ = {
			isa = PBXSourcesBuildPhase;
			buildActionMask = 2147483647;
			files = (
				5591055B2085513500F82E5D /* SampleAppUITests.swift in Sources */,
			);
			runOnlyForDeploymentPostprocessing = 0;
		};
/* End PBXSourcesBuildPhase section */

/* Begin PBXTargetDependency section */
		5591054D2085513500F82E5D /* PBXTargetDependency */ = {
			isa = PBXTargetDependency;
			target = 559105362085513400F82E5D /* SampleApp */;
			targetProxy = 5591054C2085513500F82E5D /* PBXContainerItemProxy */;
		};
		559105582085513500F82E5D /* PBXTargetDependency */ = {
			isa = PBXTargetDependency;
			target = 559105362085513400F82E5D /* SampleApp */;
			targetProxy = 559105572085513500F82E5D /* PBXContainerItemProxy */;
		};
/* End PBXTargetDependency section */

/* Begin PBXVariantGroup section */
		554BF2C020A3BB1100E56AD2 /* Gesture.storyboard */ = {
			isa = PBXVariantGroup;
			children = (
				554BF2C120A3BB1100E56AD2 /* Base */,
			);
			name = Gesture.storyboard;
			sourceTree = "<group>";
		};
		5591053E2085513500F82E5D /* Main.storyboard */ = {
			isa = PBXVariantGroup;
			children = (
				5591053F2085513500F82E5D /* Base */,
			);
			name = Main.storyboard;
			sourceTree = "<group>";
		};
		559105432085513500F82E5D /* LaunchScreen.storyboard */ = {
			isa = PBXVariantGroup;
			children = (
				559105442085513500F82E5D /* Base */,
			);
			name = LaunchScreen.storyboard;
			sourceTree = "<group>";
		};
/* End PBXVariantGroup section */

/* Begin XCBuildConfiguration section */
		5591055D2085513500F82E5D /* Debug */ = {
			isa = XCBuildConfiguration;
			buildSettings = {
				ALWAYS_SEARCH_USER_PATHS = NO;
				CLANG_ANALYZER_NONNULL = YES;
				CLANG_ANALYZER_NUMBER_OBJECT_CONVERSION = YES_AGGRESSIVE;
				CLANG_CXX_LANGUAGE_STANDARD = "gnu++14";
				CLANG_CXX_LIBRARY = "libc++";
				CLANG_ENABLE_MODULES = YES;
				CLANG_ENABLE_OBJC_ARC = YES;
				CLANG_WARN_BLOCK_CAPTURE_AUTORELEASING = YES;
				CLANG_WARN_BOOL_CONVERSION = YES;
				CLANG_WARN_COMMA = YES;
				CLANG_WARN_CONSTANT_CONVERSION = YES;
				CLANG_WARN_DIRECT_OBJC_ISA_USAGE = YES_ERROR;
				CLANG_WARN_DOCUMENTATION_COMMENTS = YES;
				CLANG_WARN_EMPTY_BODY = YES;
				CLANG_WARN_ENUM_CONVERSION = YES;
				CLANG_WARN_INFINITE_RECURSION = YES;
				CLANG_WARN_INT_CONVERSION = YES;
				CLANG_WARN_NON_LITERAL_NULL_CONVERSION = YES;
				CLANG_WARN_OBJC_LITERAL_CONVERSION = YES;
				CLANG_WARN_OBJC_ROOT_CLASS = YES_ERROR;
				CLANG_WARN_RANGE_LOOP_ANALYSIS = YES;
				CLANG_WARN_STRICT_PROTOTYPES = YES;
				CLANG_WARN_SUSPICIOUS_MOVE = YES;
				CLANG_WARN_UNGUARDED_AVAILABILITY = YES_AGGRESSIVE;
				CLANG_WARN_UNREACHABLE_CODE = YES;
				CLANG_WARN__DUPLICATE_METHOD_MATCH = YES;
				CODE_SIGN_IDENTITY = "iPhone Developer";
				COPY_PHASE_STRIP = NO;
				DEBUG_INFORMATION_FORMAT = dwarf;
				ENABLE_STRICT_OBJC_MSGSEND = YES;
				ENABLE_TESTABILITY = YES;
				GCC_C_LANGUAGE_STANDARD = gnu11;
				GCC_DYNAMIC_NO_PIC = NO;
				GCC_NO_COMMON_BLOCKS = YES;
				GCC_OPTIMIZATION_LEVEL = 0;
				GCC_PREPROCESSOR_DEFINITIONS = (
					"DEBUG=1",
					"$(inherited)",
				);
				GCC_WARN_64_TO_32_BIT_CONVERSION = YES;
				GCC_WARN_ABOUT_RETURN_TYPE = YES_ERROR;
				GCC_WARN_UNDECLARED_SELECTOR = YES;
				GCC_WARN_UNINITIALIZED_AUTOS = YES_AGGRESSIVE;
				GCC_WARN_UNUSED_FUNCTION = YES;
				GCC_WARN_UNUSED_VARIABLE = YES;
				IPHONEOS_DEPLOYMENT_TARGET = 11.2;
				MTL_ENABLE_DEBUG_INFO = YES;
				ONLY_ACTIVE_ARCH = YES;
				SDKROOT = iphoneos;
				SWIFT_ACTIVE_COMPILATION_CONDITIONS = DEBUG;
				SWIFT_OPTIMIZATION_LEVEL = "-Onone";
			};
			name = Debug;
		};
		5591055E2085513500F82E5D /* Release */ = {
			isa = XCBuildConfiguration;
			buildSettings = {
				ALWAYS_SEARCH_USER_PATHS = NO;
				CLANG_ANALYZER_NONNULL = YES;
				CLANG_ANALYZER_NUMBER_OBJECT_CONVERSION = YES_AGGRESSIVE;
				CLANG_CXX_LANGUAGE_STANDARD = "gnu++14";
				CLANG_CXX_LIBRARY = "libc++";
				CLANG_ENABLE_MODULES = YES;
				CLANG_ENABLE_OBJC_ARC = YES;
				CLANG_WARN_BLOCK_CAPTURE_AUTORELEASING = YES;
				CLANG_WARN_BOOL_CONVERSION = YES;
				CLANG_WARN_COMMA = YES;
				CLANG_WARN_CONSTANT_CONVERSION = YES;
				CLANG_WARN_DIRECT_OBJC_ISA_USAGE = YES_ERROR;
				CLANG_WARN_DOCUMENTATION_COMMENTS = YES;
				CLANG_WARN_EMPTY_BODY = YES;
				CLANG_WARN_ENUM_CONVERSION = YES;
				CLANG_WARN_INFINITE_RECURSION = YES;
				CLANG_WARN_INT_CONVERSION = YES;
				CLANG_WARN_NON_LITERAL_NULL_CONVERSION = YES;
				CLANG_WARN_OBJC_LITERAL_CONVERSION = YES;
				CLANG_WARN_OBJC_ROOT_CLASS = YES_ERROR;
				CLANG_WARN_RANGE_LOOP_ANALYSIS = YES;
				CLANG_WARN_STRICT_PROTOTYPES = YES;
				CLANG_WARN_SUSPICIOUS_MOVE = YES;
				CLANG_WARN_UNGUARDED_AVAILABILITY = YES_AGGRESSIVE;
				CLANG_WARN_UNREACHABLE_CODE = YES;
				CLANG_WARN__DUPLICATE_METHOD_MATCH = YES;
				CODE_SIGN_IDENTITY = "iPhone Developer";
				COPY_PHASE_STRIP = NO;
				DEBUG_INFORMATION_FORMAT = "dwarf-with-dsym";
				ENABLE_NS_ASSERTIONS = NO;
				ENABLE_STRICT_OBJC_MSGSEND = YES;
				GCC_C_LANGUAGE_STANDARD = gnu11;
				GCC_NO_COMMON_BLOCKS = YES;
				GCC_WARN_64_TO_32_BIT_CONVERSION = YES;
				GCC_WARN_ABOUT_RETURN_TYPE = YES_ERROR;
				GCC_WARN_UNDECLARED_SELECTOR = YES;
				GCC_WARN_UNINITIALIZED_AUTOS = YES_AGGRESSIVE;
				GCC_WARN_UNUSED_FUNCTION = YES;
				GCC_WARN_UNUSED_VARIABLE = YES;
				IPHONEOS_DEPLOYMENT_TARGET = 11.2;
				MTL_ENABLE_DEBUG_INFO = NO;
				SDKROOT = iphoneos;
				SWIFT_OPTIMIZATION_LEVEL = "-Owholemodule";
				VALIDATE_PRODUCT = YES;
			};
			name = Release;
		};
		559105602085513500F82E5D /* Debug */ = {
			isa = XCBuildConfiguration;
			buildSettings = {
				ASSETCATALOG_COMPILER_APPICON_NAME = AppIcon;
				CODE_SIGN_STYLE = Automatic;
				DEVELOPMENT_TEAM = B5U6PYYQ5R;
				INFOPLIST_FILE = SampleApp/Info.plist;
				LD_RUNPATH_SEARCH_PATHS = "$(inherited) @executable_path/Frameworks";
				PRODUCT_BUNDLE_IDENTIFIER = com.my.SampleApp;
				PRODUCT_NAME = "$(TARGET_NAME)";
				SWIFT_VERSION = 4.0;
				TARGETED_DEVICE_FAMILY = 1;
			};
			name = Debug;
		};
		559105612085513500F82E5D /* Release */ = {
			isa = XCBuildConfiguration;
			buildSettings = {
				ASSETCATALOG_COMPILER_APPICON_NAME = AppIcon;
				CODE_SIGN_STYLE = Automatic;
				DEVELOPMENT_TEAM = B5U6PYYQ5R;
				INFOPLIST_FILE = SampleApp/Info.plist;
				LD_RUNPATH_SEARCH_PATHS = "$(inherited) @executable_path/Frameworks";
				PRODUCT_BUNDLE_IDENTIFIER = com.my.SampleApp;
				PRODUCT_NAME = "$(TARGET_NAME)";
				SWIFT_VERSION = 4.0;
				TARGETED_DEVICE_FAMILY = 1;
			};
			name = Release;
		};
		559105632085513500F82E5D /* Debug */ = {
			isa = XCBuildConfiguration;
			buildSettings = {
				ALWAYS_EMBED_SWIFT_STANDARD_LIBRARIES = YES;
				BUNDLE_LOADER = "$(TEST_HOST)";
				CODE_SIGN_STYLE = Automatic;
				DEVELOPMENT_TEAM = B5U6PYYQ5R;
				INFOPLIST_FILE = SampleAppTests/Info.plist;
				LD_RUNPATH_SEARCH_PATHS = "$(inherited) @executable_path/Frameworks @loader_path/Frameworks";
				PRODUCT_BUNDLE_IDENTIFIER = com.my.SampleAppTests;
				PRODUCT_NAME = "$(TARGET_NAME)";
				SWIFT_VERSION = 4.0;
				TARGETED_DEVICE_FAMILY = "1,2";
				TEST_HOST = "$(BUILT_PRODUCTS_DIR)/SampleApp.app/SampleApp";
			};
			name = Debug;
		};
		559105642085513500F82E5D /* Release */ = {
			isa = XCBuildConfiguration;
			buildSettings = {
				ALWAYS_EMBED_SWIFT_STANDARD_LIBRARIES = YES;
				BUNDLE_LOADER = "$(TEST_HOST)";
				CODE_SIGN_STYLE = Automatic;
				DEVELOPMENT_TEAM = B5U6PYYQ5R;
				INFOPLIST_FILE = SampleAppTests/Info.plist;
				LD_RUNPATH_SEARCH_PATHS = "$(inherited) @executable_path/Frameworks @loader_path/Frameworks";
				PRODUCT_BUNDLE_IDENTIFIER = com.my.SampleAppTests;
				PRODUCT_NAME = "$(TARGET_NAME)";
				SWIFT_VERSION = 4.0;
				TARGETED_DEVICE_FAMILY = "1,2";
				TEST_HOST = "$(BUILT_PRODUCTS_DIR)/SampleApp.app/SampleApp";
			};
			name = Release;
		};
		559105662085513500F82E5D /* Debug */ = {
			isa = XCBuildConfiguration;
			buildSettings = {
				ALWAYS_EMBED_SWIFT_STANDARD_LIBRARIES = YES;
				CODE_SIGN_STYLE = Automatic;
				DEVELOPMENT_TEAM = B5U6PYYQ5R;
				INFOPLIST_FILE = SampleAppUITests/Info.plist;
				LD_RUNPATH_SEARCH_PATHS = "$(inherited) @executable_path/Frameworks @loader_path/Frameworks";
				PRODUCT_BUNDLE_IDENTIFIER = com.my.SampleAppUITests;
				PRODUCT_NAME = "$(TARGET_NAME)";
				SWIFT_VERSION = 4.0;
				TARGETED_DEVICE_FAMILY = "1,2";
				TEST_TARGET_NAME = SampleApp;
			};
			name = Debug;
		};
		559105672085513500F82E5D /* Release */ = {
			isa = XCBuildConfiguration;
			buildSettings = {
				ALWAYS_EMBED_SWIFT_STANDARD_LIBRARIES = YES;
				CODE_SIGN_STYLE = Automatic;
				DEVELOPMENT_TEAM = B5U6PYYQ5R;
				INFOPLIST_FILE = SampleAppUITests/Info.plist;
				LD_RUNPATH_SEARCH_PATHS = "$(inherited) @executable_path/Frameworks @loader_path/Frameworks";
				PRODUCT_BUNDLE_IDENTIFIER = com.my.SampleAppUITests;
				PRODUCT_NAME = "$(TARGET_NAME)";
				SWIFT_VERSION = 4.0;
				TARGETED_DEVICE_FAMILY = "1,2";
				TEST_TARGET_NAME = SampleApp;
			};
			name = Release;
		};
/* End XCBuildConfiguration section */

/* Begin XCConfigurationList section */
		559105322085513400F82E5D /* Build configuration list for PBXProject "SampleApp" */ = {
			isa = XCConfigurationList;
			buildConfigurations = (
				5591055D2085513500F82E5D /* Debug */,
				5591055E2085513500F82E5D /* Release */,
			);
			defaultConfigurationIsVisible = 0;
			defaultConfigurationName = Release;
		};
		5591055F2085513500F82E5D /* Build configuration list for PBXNativeTarget "SampleApp" */ = {
			isa = XCConfigurationList;
			buildConfigurations = (
				559105602085513500F82E5D /* Debug */,
				559105612085513500F82E5D /* Release */,
			);
			defaultConfigurationIsVisible = 0;
			defaultConfigurationName = Release;
		};
		559105622085513500F82E5D /* Build configuration list for PBXNativeTarget "SampleAppTests" */ = {
			isa = XCConfigurationList;
			buildConfigurations = (
				559105632085513500F82E5D /* Debug */,
				559105642085513500F82E5D /* Release */,
			);
			defaultConfigurationIsVisible = 0;
			defaultConfigurationName = Release;
		};
		559105652085513500F82E5D /* Build configuration list for PBXNativeTarget "SampleAppUITests" */ = {
			isa = XCConfigurationList;
			buildConfigurations = (
				559105662085513500F82E5D /* Debug */,
				559105672085513500F82E5D /* Release */,
			);
			defaultConfigurationIsVisible = 0;
			defaultConfigurationName = Release;
		};
/* End XCConfigurationList section */
	};
	rootObject = 5591052F2085513400F82E5D /* Project object */;
}
